
Microsoft Visual Studio Solution File, Format Version 12.00
# Visual Studio Version 17
VisualStudioVersion = 17.14.36414.22 d17.14
MinimumVisualStudioVersion = 10.0.40219.1
Project("{2150E333-8FDC-42A3-9474-1A3956D46DE8}") = "Task0.V17", "Task0.V17", "{36D591C7-65C7-A0D1-1CBC-10CDE441BDC8}"
EndProject
Project("{FAE04EC0-301F-11D3-BF4B-00C04F79EFBC}") = "Tyuiu.EvdokimovKP.Sprint1.Task0.V17", "Tyuiu.EvdokimovKP.Sprint1.Task0.V17\Tyuiu.EvdokimovKP.Sprint1.Task0.V17.csproj", "{7B440A44-4BE0-4089-8B8D-993F02FA00D8}"
EndProject
Project("{FAE04EC0-301F-11D3-BF4B-00C04F79EFBC}") = "Tyuiu.EvdokimovKP.Sprint1.Task0.V17.Lib", "Tyuiu.EvdokimovKP.Sprint1.Task0.V17.Lib\Tyuiu.EvdokimovKP.Sprint1.Task0.V17.Lib.csproj", "{FA042A1A-C474-435B-828E-7402C68E0F93}"
EndProject
Project("{FAE04EC0-301F-11D3-BF4B-00C04F79EFBC}") = "Tyuiu.EvdokimovKP.Sprint1.Task0.V17.Test", "Tyuiu.EvdokimovKP.Sprint1.Task0.V17.Test\Tyuiu.EvdokimovKP.Sprint1.Task0.V17.Test.csproj", "{3B97EF88-5160-4EBE-84AD-FA6AAD6EF603}"
EndProject
Project("{2150E333-8FDC-42A3-9474-1A3956D46DE8}") = "Task1.V10", "Task1.V10", "{338D14CA-F052-4CDB-904B-1C54FA28358F}"
EndProject
Project("{FAE04EC0-301F-11D3-BF4B-00C04F79EFBC}") = "Tyuiu.EvdokimovKP.Sprint1.Task1.V10", "Tyuiu.EvdokimovKP.Sprint1.Task1.V10\Tyuiu.EvdokimovKP.Sprint1.Task1.V10.csproj", "{52995F92-73DD-492C-898E-B89AE8E94860}"
EndProject
Project("{FAE04EC0-301F-11D3-BF4B-00C04F79EFBC}") = "Tyuiu.EvdokimovKP.Sprint1.Task1.V10.Lib", "Tyuiu.EvdokimovKP.Sprint1.Task1.V10.Lib\Tyuiu.EvdokimovKP.Sprint1.Task1.V10.Lib.csproj", "{183EF97E-08C4-4682-9987-4E5C6D8A3447}"
EndProject
Project("{FAE04EC0-301F-11D3-BF4B-00C04F79EFBC}") = "Tyuiu.EvdokimovKP.Sprint1.Task1.V10.Test", "Tyuiu.EvdokimovKP.Sprint1.Task1.V10.Test\Tyuiu.EvdokimovKP.Sprint1.Task1.V10.Test.csproj", "{B55630B2-1395-4EE1-ABBF-91E482DD65BB}"
EndProject
Project("{2150E333-8FDC-42A3-9474-1A3956D46DE8}") = "Task2.V28", "Task2.V28", "{5EA1AECB-FF82-43E5-90C7-A7DB1395D54D}"
EndProject
Project("{FAE04EC0-301F-11D3-BF4B-00C04F79EFBC}") = "Tyuiu.EvdokimovKP.Sprint1.Task2.V28", "Tyuiu.EvdokimovKP.Sprint1.Task2.V28\Tyuiu.EvdokimovKP.Sprint1.Task2.V28.csproj", "{2C192E3F-F213-4B45-AA0D-DA7B83FB9271}"
EndProject
Project("{FAE04EC0-301F-11D3-BF4B-00C04F79EFBC}") = "Tyuiu.EvdokimovKP.Sprint1.Task2.V28.Lib", "Tyuiu.EvdokimovKP.Sprint1.Task2.V28.Lib\Tyuiu.EvdokimovKP.Sprint1.Task2.V28.Lib.csproj", "{37B520C5-C3CC-4278-8CD1-6818C683FA07}"
EndProject
Project("{FAE04EC0-301F-11D3-BF4B-00C04F79EFBC}") = "Tyuiu.EvdokimovKP.Sprint1.Task2.V28.Test", "Tyuiu.EvdokimovKP.Sprint1.Task2.V28.Test\Tyuiu.EvdokimovKP.Sprint1.Task2.V28.Test.csproj", "{BA0F430A-EAFE-4625-90C8-CD722E683D47}"
EndProject
Project("{2150E333-8FDC-42A3-9474-1A3956D46DE8}") = "Task3.V7", "Task3.V7", "{098F8058-3F7A-4BCB-81B5-6435BBBDF0AA}"
EndProject
Project("{FAE04EC0-301F-11D3-BF4B-00C04F79EFBC}") = "Tyuiu.EvdokimovKP.Sprint1.Task3.V7", "Tyuiu.EvdokimovKP.Sprint1.Task3.V7\Tyuiu.EvdokimovKP.Sprint1.Task3.V7.csproj", "{DF3F90CC-91F6-4E48-8D51-5E1B79033594}"
EndProject
Project("{FAE04EC0-301F-11D3-BF4B-00C04F79EFBC}") = "Tyuiu.EvdokimovKP.Sprint1.Task3.V7.Lib", "Tyuiu.EvdokimovKP.Sprint1.Task3.V7.Lib\Tyuiu.EvdokimovKP.Sprint1.Task3.V7.Lib.csproj", "{299262CB-CD50-4ECD-AFC9-F63E6637EA2E}"
EndProject
Project("{FAE04EC0-301F-11D3-BF4B-00C04F79EFBC}") = "Tyuiu.EvdokimovKP.Sprint1.Task3.V7.Test", "Tyuiu.EvdokimovKP.Sprint1.Task3.V7.Test\Tyuiu.EvdokimovKP.Sprint1.Task3.V7.Test.csproj", "{2BA67F85-AA3F-478D-A35E-A4A88D744CA7}"
EndProject
Project("{2150E333-8FDC-42A3-9474-1A3956D46DE8}") = "Task4.V13", "Task4.V13", "{09E05997-24C6-4AA1-9038-5D05CB4B6037}"
EndProject
Project("{FAE04EC0-301F-11D3-BF4B-00C04F79EFBC}") = "Tyuiu.EvdokimovKP.Sprint1.Task4.V13", "Tyuiu.EvdokimovKP.Sprint1.Task4.V13\Tyuiu.EvdokimovKP.Sprint1.Task4.V13.csproj", "{740CCA04-CA58-48BE-B2D6-6C4314C8063D}"
EndProject
Project("{FAE04EC0-301F-11D3-BF4B-00C04F79EFBC}") = "Tyuiu.EvdokimovKP.Sprint1.Task4.V13.Lib", "Tyuiu.EvdokimovKP.Sprint1.Task4.V13.Lib\Tyuiu.EvdokimovKP.Sprint1.Task4.V13.Lib.csproj", "{9D140A80-6808-4657-8E56-1A63D56D7D41}"
EndProject
Project("{FAE04EC0-301F-11D3-BF4B-00C04F79EFBC}") = "Tyuiu.EvdokimovKP.Sprint1.Task4.V13.Test", "Tyuiu.EvdokimovKP.Sprint1.Task4.V13.Test\Tyuiu.EvdokimovKP.Sprint1.Task4.V13.Test.csproj", "{0F93C56A-276E-4F39-8AEF-192422EB4C61}"
EndProject
Project("{2150E333-8FDC-42A3-9474-1A3956D46DE8}") = "Task5.V3", "Task5.V3", "{28354E98-2DFD-4AA0-AA95-342DFEF78309}"
EndProject
Project("{FAE04EC0-301F-11D3-BF4B-00C04F79EFBC}") = "Tyuiu.EvdokimovKP.Sprint1.Task5.V3", "Tyuiu.EvdokimovKP.Sprint1.Task5.V3\Tyuiu.EvdokimovKP.Sprint1.Task5.V3.csproj", "{6074131C-7259-4B96-B960-BC70A874263E}"
EndProject
Project("{FAE04EC0-301F-11D3-BF4B-00C04F79EFBC}") = "Tyuiu.EvdokimovKP.Sprint1.Task5.V3.Lib", "Tyuiu.EvdokimovKP.Sprint1.Task5.V3.Lib\Tyuiu.EvdokimovKP.Sprint1.Task5.V3.Lib.csproj", "{5BCC9FC0-ED08-42D2-9297-F6F4F713CDCB}"
EndProject
Project("{FAE04EC0-301F-11D3-BF4B-00C04F79EFBC}") = "Tyuiu.EvdokimovKP.Sprint1.Task5.V3.Test", "Tyuiu.EvdokimovKP.Sprint1.Task5.V3.Test\Tyuiu.EvdokimovKP.Sprint1.Task5.V3.Test.csproj", "{F5A654E3-B2CA-4D83-BA61-4C528C4BBE0F}"
EndProject
Project("{2150E333-8FDC-42A3-9474-1A3956D46DE8}") = "Task6.V16", "Task6.V16", "{B26A3A70-1DD8-451C-A466-51598A22A5B7}"
EndProject
Project("{FAE04EC0-301F-11D3-BF4B-00C04F79EFBC}") = "Tyuiu.EvdokimovKP.Sprint1.Task6.V16", "Tyuiu.EvdokimovKP.Sprint1.Task6.V16\Tyuiu.EvdokimovKP.Sprint1.Task6.V16.csproj", "{AC638658-EA52-428F-88E8-A08CD55532D1}"
EndProject
Project("{FAE04EC0-301F-11D3-BF4B-00C04F79EFBC}") = "Tyuiu.EvdokimovKP.Sprint1.Task6.V16.Lib", "Tyuiu.EvdokimovKP.Sprint1.Task6.V16.Lib\Tyuiu.EvdokimovKP.Sprint1.Task6.V16.Lib.csproj", "{53D403C3-E799-4334-8513-0019D54346C9}"
EndProject
Project("{FAE04EC0-301F-11D3-BF4B-00C04F79EFBC}") = "Tyuiu.EvdokimovKP.Sprint1.Task6.V16.Test", "Tyuiu.EvdokimovKP.Sprint1.Task6.V16.Test\Tyuiu.EvdokimovKP.Sprint1.Task6.V16.Test.csproj", "{6BDE9087-7050-4F99-AE8A-6B06ECB72C70}"
EndProject
Project("{2150E333-8FDC-42A3-9474-1A3956D46DE8}") = "Task7.V18", "Task7.V18", "{284F0320-6DE7-498D-A65A-520EA7C72C89}"
EndProject
Project("{FAE04EC0-301F-11D3-BF4B-00C04F79EFBC}") = "Tyuiu.EvdokimovKP.Sprint1.Task7.V18", "Tyuiu.EvdokimovKP.Sprint1.Task7.V\Tyuiu.EvdokimovKP.Sprint1.Task7.V18.csproj", "{AA5561A2-09EE-4811-B9EB-80BC90160650}"
EndProject
Project("{FAE04EC0-301F-11D3-BF4B-00C04F79EFBC}") = "Tyuiu.EvdokimovKP.Sprint1.Task7.V18.Lib", "Tyuiu.EvdokimovKP.Sprint1.Task7.V18.Lib\Tyuiu.EvdokimovKP.Sprint1.Task7.V18.Lib.csproj", "{D9CC0D44-49B8-4EBB-BE0F-2868B74F6D7A}"
EndProject
Project("{FAE04EC0-301F-11D3-BF4B-00C04F79EFBC}") = "Tyuiu.EvdokimovKP.Sprint1.Task7.V18.Test", "Tyuiu.EvdokimovKP.Sprint1.Task7.V18.Test\Tyuiu.EvdokimovKP.Sprint1.Task7.V18.Test.csproj", "{176ABFA7-F909-4444-B43C-9951A61F6D59}"
EndProject
Global
	GlobalSection(SolutionConfigurationPlatforms) = preSolution
		Debug|Any CPU = Debug|Any CPU
		Release|Any CPU = Release|Any CPU
	EndGlobalSection
	GlobalSection(ProjectConfigurationPlatforms) = postSolution
		{7B440A44-4BE0-4089-8B8D-993F02FA00D8}.Debug|Any CPU.ActiveCfg = Debug|Any CPU
		{7B440A44-4BE0-4089-8B8D-993F02FA00D8}.Debug|Any CPU.Build.0 = Debug|Any CPU
		{7B440A44-4BE0-4089-8B8D-993F02FA00D8}.Release|Any CPU.ActiveCfg = Release|Any CPU
		{7B440A44-4BE0-4089-8B8D-993F02FA00D8}.Release|Any CPU.Build.0 = Release|Any CPU
		{FA042A1A-C474-435B-828E-7402C68E0F93}.Debug|Any CPU.ActiveCfg = Debug|Any CPU
		{FA042A1A-C474-435B-828E-7402C68E0F93}.Debug|Any CPU.Build.0 = Debug|Any CPU
		{FA042A1A-C474-435B-828E-7402C68E0F93}.Release|Any CPU.ActiveCfg = Release|Any CPU
		{FA042A1A-C474-435B-828E-7402C68E0F93}.Release|Any CPU.Build.0 = Release|Any CPU
		{3B97EF88-5160-4EBE-84AD-FA6AAD6EF603}.Debug|Any CPU.ActiveCfg = Debug|Any CPU
		{3B97EF88-5160-4EBE-84AD-FA6AAD6EF603}.Debug|Any CPU.Build.0 = Debug|Any CPU
		{3B97EF88-5160-4EBE-84AD-FA6AAD6EF603}.Release|Any CPU.ActiveCfg = Release|Any CPU
		{3B97EF88-5160-4EBE-84AD-FA6AAD6EF603}.Release|Any CPU.Build.0 = Release|Any CPU
		{52995F92-73DD-492C-898E-B89AE8E94860}.Debug|Any CPU.ActiveCfg = Debug|Any CPU
		{52995F92-73DD-492C-898E-B89AE8E94860}.Debug|Any CPU.Build.0 = Debug|Any CPU
		{52995F92-73DD-492C-898E-B89AE8E94860}.Release|Any CPU.ActiveCfg = Release|Any CPU
		{52995F92-73DD-492C-898E-B89AE8E94860}.Release|Any CPU.Build.0 = Release|Any CPU
		{183EF97E-08C4-4682-9987-4E5C6D8A3447}.Debug|Any CPU.ActiveCfg = Debug|Any CPU
		{183EF97E-08C4-4682-9987-4E5C6D8A3447}.Debug|Any CPU.Build.0 = Debug|Any CPU
		{183EF97E-08C4-4682-9987-4E5C6D8A3447}.Release|Any CPU.ActiveCfg = Release|Any CPU
		{183EF97E-08C4-4682-9987-4E5C6D8A3447}.Release|Any CPU.Build.0 = Release|Any CPU
		{B55630B2-1395-4EE1-ABBF-91E482DD65BB}.Debug|Any CPU.ActiveCfg = Debug|Any CPU
		{B55630B2-1395-4EE1-ABBF-91E482DD65BB}.Debug|Any CPU.Build.0 = Debug|Any CPU
		{B55630B2-1395-4EE1-ABBF-91E482DD65BB}.Release|Any CPU.ActiveCfg = Release|Any CPU
		{B55630B2-1395-4EE1-ABBF-91E482DD65BB}.Release|Any CPU.Build.0 = Release|Any CPU
		{2C192E3F-F213-4B45-AA0D-DA7B83FB9271}.Debug|Any CPU.ActiveCfg = Debug|Any CPU
		{2C192E3F-F213-4B45-AA0D-DA7B83FB9271}.Debug|Any CPU.Build.0 = Debug|Any CPU
		{2C192E3F-F213-4B45-AA0D-DA7B83FB9271}.Release|Any CPU.ActiveCfg = Release|Any CPU
		{2C192E3F-F213-4B45-AA0D-DA7B83FB9271}.Release|Any CPU.Build.0 = Release|Any CPU
		{37B520C5-C3CC-4278-8CD1-6818C683FA07}.Debug|Any CPU.ActiveCfg = Debug|Any CPU
		{37B520C5-C3CC-4278-8CD1-6818C683FA07}.Debug|Any CPU.Build.0 = Debug|Any CPU
		{37B520C5-C3CC-4278-8CD1-6818C683FA07}.Release|Any CPU.ActiveCfg = Release|Any CPU
		{37B520C5-C3CC-4278-8CD1-6818C683FA07}.Release|Any CPU.Build.0 = Release|Any CPU
		{BA0F430A-EAFE-4625-90C8-CD722E683D47}.Debug|Any CPU.ActiveCfg = Debug|Any CPU
		{BA0F430A-EAFE-4625-90C8-CD722E683D47}.Debug|Any CPU.Build.0 = Debug|Any CPU
		{BA0F430A-EAFE-4625-90C8-CD722E683D47}.Release|Any CPU.ActiveCfg = Release|Any CPU
		{BA0F430A-EAFE-4625-90C8-CD722E683D47}.Release|Any CPU.Build.0 = Release|Any CPU
		{DF3F90CC-91F6-4E48-8D51-5E1B79033594}.Debug|Any CPU.ActiveCfg = Debug|Any CPU
		{DF3F90CC-91F6-4E48-8D51-5E1B79033594}.Debug|Any CPU.Build.0 = Debug|Any CPU
		{DF3F90CC-91F6-4E48-8D51-5E1B79033594}.Release|Any CPU.ActiveCfg = Release|Any CPU
		{DF3F90CC-91F6-4E48-8D51-5E1B79033594}.Release|Any CPU.Build.0 = Release|Any CPU
		{299262CB-CD50-4ECD-AFC9-F63E6637EA2E}.Debug|Any CPU.ActiveCfg = Debug|Any CPU
		{299262CB-CD50-4ECD-AFC9-F63E6637EA2E}.Debug|Any CPU.Build.0 = Debug|Any CPU
		{299262CB-CD50-4ECD-AFC9-F63E6637EA2E}.Release|Any CPU.ActiveCfg = Release|Any CPU
		{299262CB-CD50-4ECD-AFC9-F63E6637EA2E}.Release|Any CPU.Build.0 = Release|Any CPU
		{2BA67F85-AA3F-478D-A35E-A4A88D744CA7}.Debug|Any CPU.ActiveCfg = Debug|Any CPU
		{2BA67F85-AA3F-478D-A35E-A4A88D744CA7}.Debug|Any CPU.Build.0 = Debug|Any CPU
		{2BA67F85-AA3F-478D-A35E-A4A88D744CA7}.Release|Any CPU.ActiveCfg = Release|Any CPU
		{2BA67F85-AA3F-478D-A35E-A4A88D744CA7}.Release|Any CPU.Build.0 = Release|Any CPU
		{740CCA04-CA58-48BE-B2D6-6C4314C8063D}.Debug|Any CPU.ActiveCfg = Debug|Any CPU
		{740CCA04-CA58-48BE-B2D6-6C4314C8063D}.Debug|Any CPU.Build.0 = Debug|Any CPU
		{740CCA04-CA58-48BE-B2D6-6C4314C8063D}.Release|Any CPU.ActiveCfg = Release|Any CPU
		{740CCA04-CA58-48BE-B2D6-6C4314C8063D}.Release|Any CPU.Build.0 = Release|Any CPU
		{9D140A80-6808-4657-8E56-1A63D56D7D41}.Debug|Any CPU.ActiveCfg = Debug|Any CPU
		{9D140A80-6808-4657-8E56-1A63D56D7D41}.Debug|Any CPU.Build.0 = Debug|Any CPU
		{9D140A80-6808-4657-8E56-1A63D56D7D41}.Release|Any CPU.ActiveCfg = Release|Any CPU
		{9D140A80-6808-4657-8E56-1A63D56D7D41}.Release|Any CPU.Build.0 = Release|Any CPU
		{0F93C56A-276E-4F39-8AEF-192422EB4C61}.Debug|Any CPU.ActiveCfg = Debug|Any CPU
		{0F93C56A-276E-4F39-8AEF-192422EB4C61}.Debug|Any CPU.Build.0 = Debug|Any CPU
		{0F93C56A-276E-4F39-8AEF-192422EB4C61}.Release|Any CPU.ActiveCfg = Release|Any CPU
		{0F93C56A-276E-4F39-8AEF-192422EB4C61}.Release|Any CPU.Build.0 = Release|Any CPU
		{6074131C-7259-4B96-B960-BC70A874263E}.Debug|Any CPU.ActiveCfg = Debug|Any CPU
		{6074131C-7259-4B96-B960-BC70A874263E}.Debug|Any CPU.Build.0 = Debug|Any CPU
		{6074131C-7259-4B96-B960-BC70A874263E}.Release|Any CPU.ActiveCfg = Release|Any CPU
		{6074131C-7259-4B96-B960-BC70A874263E}.Release|Any CPU.Build.0 = Release|Any CPU
		{5BCC9FC0-ED08-42D2-9297-F6F4F713CDCB}.Debug|Any CPU.ActiveCfg = Debug|Any CPU
		{5BCC9FC0-ED08-42D2-9297-F6F4F713CDCB}.Debug|Any CPU.Build.0 = Debug|Any CPU
		{5BCC9FC0-ED08-42D2-9297-F6F4F713CDCB}.Release|Any CPU.ActiveCfg = Release|Any CPU
		{5BCC9FC0-ED08-42D2-9297-F6F4F713CDCB}.Release|Any CPU.Build.0 = Release|Any CPU
		{F5A654E3-B2CA-4D83-BA61-4C528C4BBE0F}.Debug|Any CPU.ActiveCfg = Debug|Any CPU
		{F5A654E3-B2CA-4D83-BA61-4C528C4BBE0F}.Debug|Any CPU.Build.0 = Debug|Any CPU
		{F5A654E3-B2CA-4D83-BA61-4C528C4BBE0F}.Release|Any CPU.ActiveCfg = Release|Any CPU
		{F5A654E3-B2CA-4D83-BA61-4C528C4BBE0F}.Release|Any CPU.Build.0 = Release|Any CPU
		{AC638658-EA52-428F-88E8-A08CD55532D1}.Debug|Any CPU.ActiveCfg = Debug|Any CPU
		{AC638658-EA52-428F-88E8-A08CD55532D1}.Debug|Any CPU.Build.0 = Debug|Any CPU
		{AC638658-EA52-428F-88E8-A08CD55532D1}.Release|Any CPU.ActiveCfg = Release|Any CPU
		{AC638658-EA52-428F-88E8-A08CD55532D1}.Release|Any CPU.Build.0 = Release|Any CPU
		{53D403C3-E799-4334-8513-0019D54346C9}.Debug|Any CPU.ActiveCfg = Debug|Any CPU
		{53D403C3-E799-4334-8513-0019D54346C9}.Debug|Any CPU.Build.0 = Debug|Any CPU
		{53D403C3-E799-4334-8513-0019D54346C9}.Release|Any CPU.ActiveCfg = Release|Any CPU
		{53D403C3-E799-4334-8513-0019D54346C9}.Release|Any CPU.Build.0 = Release|Any CPU
		{6BDE9087-7050-4F99-AE8A-6B06ECB72C70}.Debug|Any CPU.ActiveCfg = Debug|Any CPU
		{6BDE9087-7050-4F99-AE8A-6B06ECB72C70}.Debug|Any CPU.Build.0 = Debug|Any CPU
		{6BDE9087-7050-4F99-AE8A-6B06ECB72C70}.Release|Any CPU.ActiveCfg = Release|Any CPU
		{6BDE9087-7050-4F99-AE8A-6B06ECB72C70}.Release|Any CPU.Build.0 = Release|Any CPU
		{AA5561A2-09EE-4811-B9EB-80BC90160650}.Debug|Any CPU.ActiveCfg = Debug|Any CPU
		{AA5561A2-09EE-4811-B9EB-80BC90160650}.Debug|Any CPU.Build.0 = Debug|Any CPU
		{AA5561A2-09EE-4811-B9EB-80BC90160650}.Release|Any CPU.ActiveCfg = Release|Any CPU
		{AA5561A2-09EE-4811-B9EB-80BC90160650}.Release|Any CPU.Build.0 = Release|Any CPU
		{D9CC0D44-49B8-4EBB-BE0F-2868B74F6D7A}.Debug|Any CPU.ActiveCfg = Debug|Any CPU
		{D9CC0D44-49B8-4EBB-BE0F-2868B74F6D7A}.Debug|Any CPU.Build.0 = Debug|Any CPU
		{D9CC0D44-49B8-4EBB-BE0F-2868B74F6D7A}.Release|Any CPU.ActiveCfg = Release|Any CPU
		{D9CC0D44-49B8-4EBB-BE0F-2868B74F6D7A}.Release|Any CPU.Build.0 = Release|Any CPU
		{176ABFA7-F909-4444-B43C-9951A61F6D59}.Debug|Any CPU.ActiveCfg = Debug|Any CPU
		{176ABFA7-F909-4444-B43C-9951A61F6D59}.Debug|Any CPU.Build.0 = Debug|Any CPU
		{176ABFA7-F909-4444-B43C-9951A61F6D59}.Release|Any CPU.ActiveCfg = Release|Any CPU
		{176ABFA7-F909-4444-B43C-9951A61F6D59}.Release|Any CPU.Build.0 = Release|Any CPU
	EndGlobalSection
	GlobalSection(SolutionProperties) = preSolution
		HideSolutionNode = FALSE
	EndGlobalSection
	GlobalSection(NestedProjects) = preSolution
		{7B440A44-4BE0-4089-8B8D-993F02FA00D8} = {36D591C7-65C7-A0D1-1CBC-10CDE441BDC8}
		{FA042A1A-C474-435B-828E-7402C68E0F93} = {36D591C7-65C7-A0D1-1CBC-10CDE441BDC8}
		{3B97EF88-5160-4EBE-84AD-FA6AAD6EF603} = {36D591C7-65C7-A0D1-1CBC-10CDE441BDC8}
		{52995F92-73DD-492C-898E-B89AE8E94860} = {338D14CA-F052-4CDB-904B-1C54FA28358F}
		{183EF97E-08C4-4682-9987-4E5C6D8A3447} = {338D14CA-F052-4CDB-904B-1C54FA28358F}
		{B55630B2-1395-4EE1-ABBF-91E482DD65BB} = {338D14CA-F052-4CDB-904B-1C54FA28358F}
		{2C192E3F-F213-4B45-AA0D-DA7B83FB9271} = {5EA1AECB-FF82-43E5-90C7-A7DB1395D54D}
		{37B520C5-C3CC-4278-8CD1-6818C683FA07} = {5EA1AECB-FF82-43E5-90C7-A7DB1395D54D}
		{BA0F430A-EAFE-4625-90C8-CD722E683D47} = {5EA1AECB-FF82-43E5-90C7-A7DB1395D54D}
		{DF3F90CC-91F6-4E48-8D51-5E1B79033594} = {098F8058-3F7A-4BCB-81B5-6435BBBDF0AA}
		{299262CB-CD50-4ECD-AFC9-F63E6637EA2E} = {098F8058-3F7A-4BCB-81B5-6435BBBDF0AA}
		{2BA67F85-AA3F-478D-A35E-A4A88D744CA7} = {098F8058-3F7A-4BCB-81B5-6435BBBDF0AA}
		{740CCA04-CA58-48BE-B2D6-6C4314C8063D} = {09E05997-24C6-4AA1-9038-5D05CB4B6037}
		{9D140A80-6808-4657-8E56-1A63D56D7D41} = {09E05997-24C6-4AA1-9038-5D05CB4B6037}
		{0F93C56A-276E-4F39-8AEF-192422EB4C61} = {09E05997-24C6-4AA1-9038-5D05CB4B6037}
		{6074131C-7259-4B96-B960-BC70A874263E} = {28354E98-2DFD-4AA0-AA95-342DFEF78309}
		{5BCC9FC0-ED08-42D2-9297-F6F4F713CDCB} = {28354E98-2DFD-4AA0-AA95-342DFEF78309}
		{F5A654E3-B2CA-4D83-BA61-4C528C4BBE0F} = {28354E98-2DFD-4AA0-AA95-342DFEF78309}
		{AC638658-EA52-428F-88E8-A08CD55532D1} = {B26A3A70-1DD8-451C-A466-51598A22A5B7}
		{53D403C3-E799-4334-8513-0019D54346C9} = {B26A3A70-1DD8-451C-A466-51598A22A5B7}
		{6BDE9087-7050-4F99-AE8A-6B06ECB72C70} = {B26A3A70-1DD8-451C-A466-51598A22A5B7}
		{AA5561A2-09EE-4811-B9EB-80BC90160650} = {284F0320-6DE7-498D-A65A-520EA7C72C89}
		{D9CC0D44-49B8-4EBB-BE0F-2868B74F6D7A} = {284F0320-6DE7-498D-A65A-520EA7C72C89}
		{176ABFA7-F909-4444-B43C-9951A61F6D59} = {284F0320-6DE7-498D-A65A-520EA7C72C89}
	EndGlobalSection
	GlobalSection(ExtensibilityGlobals) = postSolution
		SolutionGuid = {ED202BAB-A8E4-4A01-99E2-9B7DA4B48B70}
	EndGlobalSection
EndGlobal
