
Microsoft Visual Studio Solution File, Format Version 12.00
# Visual Studio Version 17
VisualStudioVersion = 17.14.36414.22
MinimumVisualStudioVersion = 10.0.40219.1
Project("{2150E333-8FDC-42A3-9474-1A3956D46DE8}") = "Task0.V17", "Task0.V17", "{02EA681E-C7D8-13C7-8484-4AC65E1B71E8}"
EndProject
Project("{FAE04EC0-301F-11D3-BF4B-00C04F79EFBC}") = "Tyuiu.EvdokimovKP.Sprint1.Task0.V17", "Tyuiu.EvdokimovKP.Sprint1.Task0.V17\Tyuiu.EvdokimovKP.Sprint1.Task0.V17.csproj", "{CBC5F99B-0A9D-4C63-9039-F42BFD62A1A9}"
EndProject
Project("{FAE04EC0-301F-11D3-BF4B-00C04F79EFBC}") = "Tyuiu.EvdokimovKP.Sprint1.Task0.V17.Lib", "Tyuiu.EvdokimovKP.Sprint1.Task0.V17.Lib\Tyuiu.EvdokimovKP.Sprint1.Task0.V17.Lib.csproj", "{65275EB7-18CD-49F8-8885-25778E0575A0}"
EndProject
Project("{FAE04EC0-301F-11D3-BF4B-00C04F79EFBC}") = "Tyuiu.EvdokimovKP.Sprint1.Task0.V17.Test", "Tyuiu.EvdokimovKP.Sprint1.Task0.V17.Test\Tyuiu.EvdokimovKP.Sprint1.Task0.V17.Test.csproj", "{7A0EB09D-1E45-446B-89C4-F90E9D0029C5}"
EndProject
Project("{2150E333-8FDC-42A3-9474-1A3956D46DE8}") = "Task1.V10", "Task1.V10", "{1E0F316A-84D0-4E57-A4C7-39AB521C9736}"
EndProject
Project("{FAE04EC0-301F-11D3-BF4B-00C04F79EFBC}") = "Tyuiu.EvdokimovKP.Sprint1.Task1.V10", "Tyuiu.EvdokimovKP.Sprint1.Task1.V10\Tyuiu.EvdokimovKP.Sprint1.Task1.V10.csproj", "{36542CCB-B6F9-47BB-8802-2949DE89E40B}"
EndProject
Project("{FAE04EC0-301F-11D3-BF4B-00C04F79EFBC}") = "Tyuiu.EvdokimovKP.Sprint1.Task1.V10.Lib", "Tyuiu.EvdokimovKP.Sprint1.Task1.V10.Lib\Tyuiu.EvdokimovKP.Sprint1.Task1.V10.Lib.csproj", "{1A8BFFDF-A8E0-408E-84DC-8D8029428AD2}"
EndProject
Project("{FAE04EC0-301F-11D3-BF4B-00C04F79EFBC}") = "Tyuiu.EvdokimovKP.Sprint1.Task1.V10.Test", "Tyuiu.EvdokimovKP.Sprint1.Task1.V10.Test\Tyuiu.EvdokimovKP.Sprint1.Task1.V10.Test.csproj", "{541B6ADE-AA2C-470A-B6BC-19BCF9A12F2F}"
EndProject
Project("{2150E333-8FDC-42A3-9474-1A3956D46DE8}") = "Task2.V28", "Task2.V28", "{C765EBDB-5E2A-4E53-992C-3E91E5407383}"
EndProject
Project("{FAE04EC0-301F-11D3-BF4B-00C04F79EFBC}") = "Tyuiu.EvdokimovKP.Sprint1.Task2.V28", "Tyuiu.EvdokimovKP.Sprint1.Task2.V28\Tyuiu.EvdokimovKP.Sprint1.Task2.V28.csproj", "{73AABD1B-81C4-4BB3-B5D3-A66642A094D2}"
EndProject
Project("{FAE04EC0-301F-11D3-BF4B-00C04F79EFBC}") = "Tyuiu.EvdokimovKP.Sprint1.Task2.V28.Lib", "Tyuiu.EvdokimovKP.Sprint1.Task2.V28.Lib\Tyuiu.EvdokimovKP.Sprint1.Task2.V28.Lib.csproj", "{E583E705-8521-4DA6-8F31-D4514ACE3232}"
EndProject
Project("{FAE04EC0-301F-11D3-BF4B-00C04F79EFBC}") = "Tyuiu.EvdokimovKP.Sprint1.Task2.V28.Test", "Tyuiu.EvdokimovKP.Sprint1.Task2.V28.Test\Tyuiu.EvdokimovKP.Sprint1.Task2.V28.Test.csproj", "{B4F91997-F744-4069-A229-E574B4CA05AD}"
EndProject
Global
	GlobalSection(SolutionConfigurationPlatforms) = preSolution
		Debug|Any CPU = Debug|Any CPU
		Release|Any CPU = Release|Any CPU
	EndGlobalSection
	GlobalSection(ProjectConfigurationPlatforms) = postSolution
		{CBC5F99B-0A9D-4C63-9039-F42BFD62A1A9}.Debug|Any CPU.ActiveCfg = Debug|Any CPU
		{CBC5F99B-0A9D-4C63-9039-F42BFD62A1A9}.Debug|Any CPU.Build.0 = Debug|Any CPU
		{CBC5F99B-0A9D-4C63-9039-F42BFD62A1A9}.Release|Any CPU.ActiveCfg = Release|Any CPU
		{CBC5F99B-0A9D-4C63-9039-F42BFD62A1A9}.Release|Any CPU.Build.0 = Release|Any CPU
		{65275EB7-18CD-49F8-8885-25778E0575A0}.Debug|Any CPU.ActiveCfg = Debug|Any CPU
		{65275EB7-18CD-49F8-8885-25778E0575A0}.Debug|Any CPU.Build.0 = Debug|Any CPU
		{65275EB7-18CD-49F8-8885-25778E0575A0}.Release|Any CPU.ActiveCfg = Release|Any CPU
		{65275EB7-18CD-49F8-8885-25778E0575A0}.Release|Any CPU.Build.0 = Release|Any CPU
		{7A0EB09D-1E45-446B-89C4-F90E9D0029C5}.Debug|Any CPU.ActiveCfg = Debug|Any CPU
		{7A0EB09D-1E45-446B-89C4-F90E9D0029C5}.Debug|Any CPU.Build.0 = Debug|Any CPU
		{7A0EB09D-1E45-446B-89C4-F90E9D0029C5}.Release|Any CPU.ActiveCfg = Release|Any CPU
		{7A0EB09D-1E45-446B-89C4-F90E9D0029C5}.Release|Any CPU.Build.0 = Release|Any CPU
		{36542CCB-B6F9-47BB-8802-2949DE89E40B}.Debug|Any CPU.ActiveCfg = Debug|Any CPU
		{36542CCB-B6F9-47BB-8802-2949DE89E40B}.Debug|Any CPU.Build.0 = Debug|Any CPU
		{36542CCB-B6F9-47BB-8802-2949DE89E40B}.Release|Any CPU.ActiveCfg = Release|Any CPU
		{36542CCB-B6F9-47BB-8802-2949DE89E40B}.Release|Any CPU.Build.0 = Release|Any CPU
		{1A8BFFDF-A8E0-408E-84DC-8D8029428AD2}.Debug|Any CPU.ActiveCfg = Debug|Any CPU
		{1A8BFFDF-A8E0-408E-84DC-8D8029428AD2}.Debug|Any CPU.Build.0 = Debug|Any CPU
		{1A8BFFDF-A8E0-408E-84DC-8D8029428AD2}.Release|Any CPU.ActiveCfg = Release|Any CPU
		{1A8BFFDF-A8E0-408E-84DC-8D8029428AD2}.Release|Any CPU.Build.0 = Release|Any CPU
		{541B6ADE-AA2C-470A-B6BC-19BCF9A12F2F}.Debug|Any CPU.ActiveCfg = Debug|Any CPU
		{541B6ADE-AA2C-470A-B6BC-19BCF9A12F2F}.Debug|Any CPU.Build.0 = Debug|Any CPU
		{541B6ADE-AA2C-470A-B6BC-19BCF9A12F2F}.Release|Any CPU.ActiveCfg = Release|Any CPU
		{541B6ADE-AA2C-470A-B6BC-19BCF9A12F2F}.Release|Any CPU.Build.0 = Release|Any CPU
		{73AABD1B-81C4-4BB3-B5D3-A66642A094D2}.Debug|Any CPU.ActiveCfg = Debug|Any CPU
		{73AABD1B-81C4-4BB3-B5D3-A66642A094D2}.Debug|Any CPU.Build.0 = Debug|Any CPU
		{73AABD1B-81C4-4BB3-B5D3-A66642A094D2}.Release|Any CPU.ActiveCfg = Release|Any CPU
		{73AABD1B-81C4-4BB3-B5D3-A66642A094D2}.Release|Any CPU.Build.0 = Release|Any CPU
		{E583E705-8521-4DA6-8F31-D4514ACE3232}.Debug|Any CPU.ActiveCfg = Debug|Any CPU
		{E583E705-8521-4DA6-8F31-D4514ACE3232}.Debug|Any CPU.Build.0 = Debug|Any CPU
		{E583E705-8521-4DA6-8F31-D4514ACE3232}.Release|Any CPU.ActiveCfg = Release|Any CPU
		{E583E705-8521-4DA6-8F31-D4514ACE3232}.Release|Any CPU.Build.0 = Release|Any CPU
		{B4F91997-F744-4069-A229-E574B4CA05AD}.Debug|Any CPU.ActiveCfg = Debug|Any CPU
		{B4F91997-F744-4069-A229-E574B4CA05AD}.Debug|Any CPU.Build.0 = Debug|Any CPU
		{B4F91997-F744-4069-A229-E574B4CA05AD}.Release|Any CPU.ActiveCfg = Release|Any CPU
		{B4F91997-F744-4069-A229-E574B4CA05AD}.Release|Any CPU.Build.0 = Release|Any CPU
	EndGlobalSection
	GlobalSection(SolutionProperties) = preSolution
		HideSolutionNode = FALSE
	EndGlobalSection
	GlobalSection(NestedProjects) = preSolution
		{CBC5F99B-0A9D-4C63-9039-F42BFD62A1A9} = {02EA681E-C7D8-13C7-8484-4AC65E1B71E8}
		{65275EB7-18CD-49F8-8885-25778E0575A0} = {02EA681E-C7D8-13C7-8484-4AC65E1B71E8}
		{7A0EB09D-1E45-446B-89C4-F90E9D0029C5} = {02EA681E-C7D8-13C7-8484-4AC65E1B71E8}
		{36542CCB-B6F9-47BB-8802-2949DE89E40B} = {1E0F316A-84D0-4E57-A4C7-39AB521C9736}
		{1A8BFFDF-A8E0-408E-84DC-8D8029428AD2} = {1E0F316A-84D0-4E57-A4C7-39AB521C9736}
		{541B6ADE-AA2C-470A-B6BC-19BCF9A12F2F} = {1E0F316A-84D0-4E57-A4C7-39AB521C9736}
		{73AABD1B-81C4-4BB3-B5D3-A66642A094D2} = {C765EBDB-5E2A-4E53-992C-3E91E5407383}
		{E583E705-8521-4DA6-8F31-D4514ACE3232} = {C765EBDB-5E2A-4E53-992C-3E91E5407383}
		{B4F91997-F744-4069-A229-E574B4CA05AD} = {C765EBDB-5E2A-4E53-992C-3E91E5407383}
	EndGlobalSection
	GlobalSection(ExtensibilityGlobals) = postSolution
		SolutionGuid = {1E3B2690-5E94-4FE6-8522-45C9B92E8719}
	EndGlobalSection
EndGlobal
